
Microsoft Visual Studio Solution File, Format Version 12.00
# Visual Studio 15
Project("{FAE04EC0-301F-11D3-BF4B-00C04F79EFBC}") = "PhotonUnityNetworking.Utilities", "PhotonUnityNetworking.Utilities.csproj", "{0F73A47A-B030-4BCB-91C1-744B121C099F}"
EndProject
Project("{FAE04EC0-301F-11D3-BF4B-00C04F79EFBC}") = "Assembly-CSharp", "Assembly-CSharp.csproj", "{F8CBDA17-7DE4-7E53-452B-A74B8D04DEC9}"
EndProject
Project("{FAE04EC0-301F-11D3-BF4B-00C04F79EFBC}") = "PhotonVoice.API", "PhotonVoice.API.csproj", "{9B8245D0-C423-D313-753D-349C8C23B83C}"
EndProject
Project("{FAE04EC0-301F-11D3-BF4B-00C04F79EFBC}") = "PhotonVoice", "PhotonVoice.csproj", "{0BE8D55C-E6B4-1FAB-8543-5C68D3054949}"
EndProject
Project("{FAE04EC0-301F-11D3-BF4B-00C04F79EFBC}") = "PhotonUnityNetworking.Demos", "PhotonUnityNetworking.Demos.csproj", "{A37E9974-EBD5-73AA-90CC-1C352C9F21FB}"
EndProject
Project("{FAE04EC0-301F-11D3-BF4B-00C04F79EFBC}") = "PhotonUnityNetworking", "PhotonUnityNetworking.csproj", "{CEC682A6-ACBC-05A6-298B-D09DE0BF81F0}"
EndProject
Project("{FAE04EC0-301F-11D3-BF4B-00C04F79EFBC}") = "PhotonChat", "PhotonChat.csproj", "{862BC533-B556-51B3-CE1A-7911FFB487A8}"
EndProject
Project("{FAE04EC0-301F-11D3-BF4B-00C04F79EFBC}") = "PhotonRealtime", "PhotonRealtime.csproj", "{542296DE-1236-FA61-C316-D2FA1E1E864C}"
EndProject
Project("{FAE04EC0-301F-11D3-BF4B-00C04F79EFBC}") = "PhotonVoice.PUN", "PhotonVoice.PUN.csproj", "{BB6B3158-D014-0520-A9DB-9A25A88D3EAF}"
EndProject
Project("{FAE04EC0-301F-11D3-BF4B-00C04F79EFBC}") = "Unity.Postprocessing.Runtime", "Unity.Postprocessing.Runtime.csproj", "{5BFDB61F-08F7-BE08-D791-6D51BB6EA906}"
EndProject
Project("{FAE04EC0-301F-11D3-BF4B-00C04F79EFBC}") = "PhotonUnityNetworking.Editor", "PhotonUnityNetworking.Editor.csproj", "{3522874A-095D-5ABA-9438-87A4428AAF25}"
EndProject
Project("{FAE04EC0-301F-11D3-BF4B-00C04F79EFBC}") = "PhotonVoice.Editor", "PhotonVoice.Editor.csproj", "{C467A749-2D8B-678F-4BD8-E6914E55F13C}"
EndProject
Project("{FAE04EC0-301F-11D3-BF4B-00C04F79EFBC}") = "Assembly-CSharp-Editor", "Assembly-CSharp-Editor.csproj", "{882037E0-3B9F-8232-28B1-4B5D18DB1359}"
EndProject
Project("{FAE04EC0-301F-11D3-BF4B-00C04F79EFBC}") = "PhotonUnityNetworking.Utilities.PhotonPlayer.Editor", "PhotonUnityNetworking.Utilities.PhotonPlayer.Editor.csproj", "{4E882BCB-B312-0B08-EA05-45232B475913}"
EndProject
Project("{FAE04EC0-301F-11D3-BF4B-00C04F79EFBC}") = "PunDemos.DemoSlotcarEditor", "PunDemos.DemoSlotcarEditor.csproj", "{D26634C9-DB23-89F2-A00E-D077F54DF401}"
EndProject
Project("{FAE04EC0-301F-11D3-BF4B-00C04F79EFBC}") = "PhotonUnityNetworking.Utilities.Culling.Editor", "PhotonUnityNetworking.Utilities.Culling.Editor.csproj", "{AC5FD33B-F7CE-9068-96EB-48587B2D513D}"
EndProject
Project("{FAE04EC0-301F-11D3-BF4B-00C04F79EFBC}") = "PunDemos.DemoHubEditor", "PunDemos.DemoHubEditor.csproj", "{34055BE8-871C-53F4-F957-7F862A3EEC2E}"
EndProject
Project("{FAE04EC0-301F-11D3-BF4B-00C04F79EFBC}") = "PhotonVoice.Utilities.Editor", "PhotonVoice.Utilities.Editor.csproj", "{053AE745-B700-0F9F-5AF0-599F6CE3E4A5}"
EndProject
Project("{FAE04EC0-301F-11D3-BF4B-00C04F79EFBC}") = "PhotonVoice.PUN.Editor", "PhotonVoice.PUN.Editor.csproj", "{80998C5C-B794-0986-DFCC-29F761BA0D90}"
EndProject
Project("{FAE04EC0-301F-11D3-BF4B-00C04F79EFBC}") = "Unity.Postprocessing.Editor", "Unity.Postprocessing.Editor.csproj", "{02CC5E6E-F660-3B86-9782-BB7DD4082895}"
EndProject
Global
	GlobalSection(SolutionConfigurationPlatforms) = preSolution
		Debug|Any CPU = Debug|Any CPU
		Release|Any CPU = Release|Any CPU
	EndGlobalSection
	GlobalSection(ProjectConfigurationPlatforms) = postSolution
		{0F73A47A-B030-4BCB-91C1-744B121C099F}.Debug|Any CPU.ActiveCfg = Debug|Any CPU
		{0F73A47A-B030-4BCB-91C1-744B121C099F}.Debug|Any CPU.Build.0 = Debug|Any CPU
		{0F73A47A-B030-4BCB-91C1-744B121C099F}.Release|Any CPU.ActiveCfg = Release|Any CPU
		{0F73A47A-B030-4BCB-91C1-744B121C099F}.Release|Any CPU.Build.0 = Release|Any CPU
		{F8CBDA17-7DE4-7E53-452B-A74B8D04DEC9}.Debug|Any CPU.ActiveCfg = Debug|Any CPU
		{F8CBDA17-7DE4-7E53-452B-A74B8D04DEC9}.Debug|Any CPU.Build.0 = Debug|Any CPU
		{F8CBDA17-7DE4-7E53-452B-A74B8D04DEC9}.Release|Any CPU.ActiveCfg = Release|Any CPU
		{F8CBDA17-7DE4-7E53-452B-A74B8D04DEC9}.Release|Any CPU.Build.0 = Release|Any CPU
		{9B8245D0-C423-D313-753D-349C8C23B83C}.Debug|Any CPU.ActiveCfg = Debug|Any CPU
		{9B8245D0-C423-D313-753D-349C8C23B83C}.Debug|Any CPU.Build.0 = Debug|Any CPU
		{9B8245D0-C423-D313-753D-349C8C23B83C}.Release|Any CPU.ActiveCfg = Release|Any CPU
		{9B8245D0-C423-D313-753D-349C8C23B83C}.Release|Any CPU.Build.0 = Release|Any CPU
		{0BE8D55C-E6B4-1FAB-8543-5C68D3054949}.Debug|Any CPU.ActiveCfg = Debug|Any CPU
		{0BE8D55C-E6B4-1FAB-8543-5C68D3054949}.Debug|Any CPU.Build.0 = Debug|Any CPU
		{0BE8D55C-E6B4-1FAB-8543-5C68D3054949}.Release|Any CPU.ActiveCfg = Release|Any CPU
		{0BE8D55C-E6B4-1FAB-8543-5C68D3054949}.Release|Any CPU.Build.0 = Release|Any CPU
		{A37E9974-EBD5-73AA-90CC-1C352C9F21FB}.Debug|Any CPU.ActiveCfg = Debug|Any CPU
		{A37E9974-EBD5-73AA-90CC-1C352C9F21FB}.Debug|Any CPU.Build.0 = Debug|Any CPU
		{A37E9974-EBD5-73AA-90CC-1C352C9F21FB}.Release|Any CPU.ActiveCfg = Release|Any CPU
		{A37E9974-EBD5-73AA-90CC-1C352C9F21FB}.Release|Any CPU.Build.0 = Release|Any CPU
		{CEC682A6-ACBC-05A6-298B-D09DE0BF81F0}.Debug|Any CPU.ActiveCfg = Debug|Any CPU
		{CEC682A6-ACBC-05A6-298B-D09DE0BF81F0}.Debug|Any CPU.Build.0 = Debug|Any CPU
		{CEC682A6-ACBC-05A6-298B-D09DE0BF81F0}.Release|Any CPU.ActiveCfg = Release|Any CPU
		{CEC682A6-ACBC-05A6-298B-D09DE0BF81F0}.Release|Any CPU.Build.0 = Release|Any CPU
		{862BC533-B556-51B3-CE1A-7911FFB487A8}.Debug|Any CPU.ActiveCfg = Debug|Any CPU
		{862BC533-B556-51B3-CE1A-7911FFB487A8}.Debug|Any CPU.Build.0 = Debug|Any CPU
		{862BC533-B556-51B3-CE1A-7911FFB487A8}.Release|Any CPU.ActiveCfg = Release|Any CPU
		{862BC533-B556-51B3-CE1A-7911FFB487A8}.Release|Any CPU.Build.0 = Release|Any CPU
		{542296DE-1236-FA61-C316-D2FA1E1E864C}.Debug|Any CPU.ActiveCfg = Debug|Any CPU
		{542296DE-1236-FA61-C316-D2FA1E1E864C}.Debug|Any CPU.Build.0 = Debug|Any CPU
		{542296DE-1236-FA61-C316-D2FA1E1E864C}.Release|Any CPU.ActiveCfg = Release|Any CPU
		{542296DE-1236-FA61-C316-D2FA1E1E864C}.Release|Any CPU.Build.0 = Release|Any CPU
		{BB6B3158-D014-0520-A9DB-9A25A88D3EAF}.Debug|Any CPU.ActiveCfg = Debug|Any CPU
		{BB6B3158-D014-0520-A9DB-9A25A88D3EAF}.Debug|Any CPU.Build.0 = Debug|Any CPU
		{BB6B3158-D014-0520-A9DB-9A25A88D3EAF}.Release|Any CPU.ActiveCfg = Release|Any CPU
		{BB6B3158-D014-0520-A9DB-9A25A88D3EAF}.Release|Any CPU.Build.0 = Release|Any CPU
		{5BFDB61F-08F7-BE08-D791-6D51BB6EA906}.Debug|Any CPU.ActiveCfg = Debug|Any CPU
		{5BFDB61F-08F7-BE08-D791-6D51BB6EA906}.Debug|Any CPU.Build.0 = Debug|Any CPU
		{5BFDB61F-08F7-BE08-D791-6D51BB6EA906}.Release|Any CPU.ActiveCfg = Release|Any CPU
		{5BFDB61F-08F7-BE08-D791-6D51BB6EA906}.Release|Any CPU.Build.0 = Release|Any CPU
		{3522874A-095D-5ABA-9438-87A4428AAF25}.Debug|Any CPU.ActiveCfg = Debug|Any CPU
		{3522874A-095D-5ABA-9438-87A4428AAF25}.Debug|Any CPU.Build.0 = Debug|Any CPU
		{3522874A-095D-5ABA-9438-87A4428AAF25}.Release|Any CPU.ActiveCfg = Release|Any CPU
		{3522874A-095D-5ABA-9438-87A4428AAF25}.Release|Any CPU.Build.0 = Release|Any CPU
		{C467A749-2D8B-678F-4BD8-E6914E55F13C}.Debug|Any CPU.ActiveCfg = Debug|Any CPU
		{C467A749-2D8B-678F-4BD8-E6914E55F13C}.Debug|Any CPU.Build.0 = Debug|Any CPU
		{C467A749-2D8B-678F-4BD8-E6914E55F13C}.Release|Any CPU.ActiveCfg = Release|Any CPU
		{C467A749-2D8B-678F-4BD8-E6914E55F13C}.Release|Any CPU.Build.0 = Release|Any CPU
		{882037E0-3B9F-8232-28B1-4B5D18DB1359}.Debug|Any CPU.ActiveCfg = Debug|Any CPU
		{882037E0-3B9F-8232-28B1-4B5D18DB1359}.Debug|Any CPU.Build.0 = Debug|Any CPU
		{882037E0-3B9F-8232-28B1-4B5D18DB1359}.Release|Any CPU.ActiveCfg = Release|Any CPU
		{882037E0-3B9F-8232-28B1-4B5D18DB1359}.Release|Any CPU.Build.0 = Release|Any CPU
		{4E882BCB-B312-0B08-EA05-45232B475913}.Debug|Any CPU.ActiveCfg = Debug|Any CPU
		{4E882BCB-B312-0B08-EA05-45232B475913}.Debug|Any CPU.Build.0 = Debug|Any CPU
		{4E882BCB-B312-0B08-EA05-45232B475913}.Release|Any CPU.ActiveCfg = Release|Any CPU
		{4E882BCB-B312-0B08-EA05-45232B475913}.Release|Any CPU.Build.0 = Release|Any CPU
		{D26634C9-DB23-89F2-A00E-D077F54DF401}.Debug|Any CPU.ActiveCfg = Debug|Any CPU
		{D26634C9-DB23-89F2-A00E-D077F54DF401}.Debug|Any CPU.Build.0 = Debug|Any CPU
		{D26634C9-DB23-89F2-A00E-D077F54DF401}.Release|Any CPU.ActiveCfg = Release|Any CPU
		{D26634C9-DB23-89F2-A00E-D077F54DF401}.Release|Any CPU.Build.0 = Release|Any CPU
		{AC5FD33B-F7CE-9068-96EB-48587B2D513D}.Debug|Any CPU.ActiveCfg = Debug|Any CPU
		{AC5FD33B-F7CE-9068-96EB-48587B2D513D}.Debug|Any CPU.Build.0 = Debug|Any CPU
		{AC5FD33B-F7CE-9068-96EB-48587B2D513D}.Release|Any CPU.ActiveCfg = Release|Any CPU
		{AC5FD33B-F7CE-9068-96EB-48587B2D513D}.Release|Any CPU.Build.0 = Release|Any CPU
		{34055BE8-871C-53F4-F957-7F862A3EEC2E}.Debug|Any CPU.ActiveCfg = Debug|Any CPU
		{34055BE8-871C-53F4-F957-7F862A3EEC2E}.Debug|Any CPU.Build.0 = Debug|Any CPU
		{34055BE8-871C-53F4-F957-7F862A3EEC2E}.Release|Any CPU.ActiveCfg = Release|Any CPU
		{34055BE8-871C-53F4-F957-7F862A3EEC2E}.Release|Any CPU.Build.0 = Release|Any CPU
		{053AE745-B700-0F9F-5AF0-599F6CE3E4A5}.Debug|Any CPU.ActiveCfg = Debug|Any CPU
		{053AE745-B700-0F9F-5AF0-599F6CE3E4A5}.Debug|Any CPU.Build.0 = Debug|Any CPU
		{053AE745-B700-0F9F-5AF0-599F6CE3E4A5}.Release|Any CPU.ActiveCfg = Release|Any CPU
		{053AE745-B700-0F9F-5AF0-599F6CE3E4A5}.Release|Any CPU.Build.0 = Release|Any CPU
		{80998C5C-B794-0986-DFCC-29F761BA0D90}.Debug|Any CPU.ActiveCfg = Debug|Any CPU
		{80998C5C-B794-0986-DFCC-29F761BA0D90}.Debug|Any CPU.Build.0 = Debug|Any CPU
		{80998C5C-B794-0986-DFCC-29F761BA0D90}.Release|Any CPU.ActiveCfg = Release|Any CPU
		{80998C5C-B794-0986-DFCC-29F761BA0D90}.Release|Any CPU.Build.0 = Release|Any CPU
		{02CC5E6E-F660-3B86-9782-BB7DD4082895}.Debug|Any CPU.ActiveCfg = Debug|Any CPU
		{02CC5E6E-F660-3B86-9782-BB7DD4082895}.Debug|Any CPU.Build.0 = Debug|Any CPU
		{02CC5E6E-F660-3B86-9782-BB7DD4082895}.Release|Any CPU.ActiveCfg = Release|Any CPU
		{02CC5E6E-F660-3B86-9782-BB7DD4082895}.Release|Any CPU.Build.0 = Release|Any CPU
	EndGlobalSection
	GlobalSection(SolutionProperties) = preSolution
		HideSolutionNode = FALSE
	EndGlobalSection
EndGlobal
